
Microsoft Visual Studio Solution File, Format Version 12.00
# Visual Studio Version 16
VisualStudioVersion = 16.0.31402.337
MinimumVisualStudioVersion = 10.0.40219.1
Project("{2150E333-8FDC-42A3-9474-1A3956D46DE8}") = "Feature", "Feature", "{3B424B5C-71E6-455B-B857-958FFD9D22F4}"
EndProject
Project("{2150E333-8FDC-42A3-9474-1A3956D46DE8}") = "Foundation", "Foundation", "{4366D38A-A643-420A-97CB-F1A0197242A7}"
EndProject
Project("{2150E333-8FDC-42A3-9474-1A3956D46DE8}") = "Project", "Project", "{75E65851-2CE2-458F-A342-09FAC7673BCA}"
EndProject
Project("{2150E333-8FDC-42A3-9474-1A3956D46DE8}") = "Blogs", "Blogs", "{F3B8B200-4663-4C92-9588-194A990901F6}"
EndProject
Project("{FAE04EC0-301F-11D3-BF4B-00C04F79EFBC}") = "BlogWebsiteHelix.Feaure.Blogs", "src\Feature\Blogs\code\BlogWebsiteHelix.Feaure.Blogs.csproj", "{7B9DA751-C643-4448-97FF-D365E1329CD6}"
EndProject
Project("{2150E333-8FDC-42A3-9474-1A3956D46DE8}") = "Configuration", "Configuration", "{5740FBD0-0270-4C26-992B-510D64CE9C0F}"
	ProjectSection(SolutionItems) = preProject
		gulp-config.js = gulp-config.js
		gulpfile.js = gulpfile.js
		package.json = package.json
	EndProjectSection
EndProject
Global
	GlobalSection(SolutionConfigurationPlatforms) = preSolution
		Debug|Any CPU = Debug|Any CPU
		Release|Any CPU = Release|Any CPU
	EndGlobalSection
	GlobalSection(ProjectConfigurationPlatforms) = postSolution
		{7B9DA751-C643-4448-97FF-D365E1329CD6}.Debug|Any CPU.ActiveCfg = Debug|Any CPU
		{7B9DA751-C643-4448-97FF-D365E1329CD6}.Debug|Any CPU.Build.0 = Debug|Any CPU
		{7B9DA751-C643-4448-97FF-D365E1329CD6}.Release|Any CPU.ActiveCfg = Release|Any CPU
		{7B9DA751-C643-4448-97FF-D365E1329CD6}.Release|Any CPU.Build.0 = Release|Any CPU
	EndGlobalSection
	GlobalSection(SolutionProperties) = preSolution
		HideSolutionNode = FALSE
	EndGlobalSection
	GlobalSection(NestedProjects) = preSolution
		{F3B8B200-4663-4C92-9588-194A990901F6} = {3B424B5C-71E6-455B-B857-958FFD9D22F4}
		{7B9DA751-C643-4448-97FF-D365E1329CD6} = {F3B8B200-4663-4C92-9588-194A990901F6}
	EndGlobalSection
	GlobalSection(ExtensibilityGlobals) = postSolution
		SolutionGuid = {D4957FEB-4BE4-4BAF-AC1B-99959EA12665}
	EndGlobalSection
EndGlobal
